
Microsoft Visual Studio Solution File, Format Version 12.00
# Visual Studio Version 17
VisualStudioVersion = 17.7.34018.315
MinimumVisualStudioVersion = 10.0.40219.1
Project("{FAE04EC0-301F-11D3-BF4B-00C04F79EFBC}") = "Casting Between Signed and Unsigned Types", "Casting Between Signed and Unsigned Types\Casting Between Signed and Unsigned Types.csproj", "{52F0575D-80CB-4DE8-B2A1-63BDB2D0471C}"
EndProject
Global
	GlobalSection(SolutionConfigurationPlatforms) = preSolution
		Debug|Any CPU = Debug|Any CPU
		Release|Any CPU = Release|Any CPU
	EndGlobalSection
	GlobalSection(ProjectConfigurationPlatforms) = postSolution
		{52F0575D-80CB-4DE8-B2A1-63BDB2D0471C}.Debug|Any CPU.ActiveCfg = Debug|Any CPU
		{52F0575D-80CB-4DE8-B2A1-63BDB2D0471C}.Debug|Any CPU.Build.0 = Debug|Any CPU
		{52F0575D-80CB-4DE8-B2A1-63BDB2D0471C}.Release|Any CPU.ActiveCfg = Release|Any CPU
		{52F0575D-80CB-4DE8-B2A1-63BDB2D0471C}.Release|Any CPU.Build.0 = Release|Any CPU
	EndGlobalSection
	GlobalSection(SolutionProperties) = preSolution
		HideSolutionNode = FALSE
	EndGlobalSection
	GlobalSection(ExtensibilityGlobals) = postSolution
		SolutionGuid = {4663183E-84E8-4034-92FC-AC808870CBD0}
	EndGlobalSection
EndGlobal
